{
  "requires": true,
  "lockfileVersion": 1,
  "dependencies": {
    "@angular/common": {
      "version": "8.1.2",
      "resolved": "https://registry.npmjs.org/@angular/common/-/common-8.1.2.tgz",
      "integrity": "sha512-bywFofN5RjcvygYEC/3eo+bfUnYBmARA6DPau8fm6D2ZGpXrWXJ3Thd99ZesuuffvpniaIHlAjbHGI83XSnixQ==",
      "requires": {
        "tslib": "^1.9.0"
      }
    },
    "@angular/compiler": {
      "version": "8.1.2",
      "resolved": "https://registry.npmjs.org/@angular/compiler/-/compiler-8.1.2.tgz",
      "integrity": "sha512-oRkHrstOV6imbb4mGf6q20d4N4iYfBbI6WfxtPL4dz08GipGg4Zvekn4e3R01vzhFBxssGcgmeEtFQJh/UzI8g==",
      "requires": {
        "tslib": "^1.9.0"
      }
    },
    "@angular/core": {
      "version": "8.1.2",
      "resolved": "https://registry.npmjs.org/@angular/core/-/core-8.1.2.tgz",
      "integrity": "sha512-Gm/UIUnIkeah39vxi4enVH/CUcPZOgGDyw4RNagw4pH8dTP8V0RUz8uteOr3DS+Eh49BcHkrT2oU5MBZSZ3lvw==",
      "requires": {
        "tslib": "^1.9.0"
      }
    },
    "@angular/forms": {
      "version": "8.1.2",
      "resolved": "https://registry.npmjs.org/@angular/forms/-/forms-8.1.2.tgz",
      "integrity": "sha512-DHqbWt6AGnLkNajLZUAH4yQrxZdgUkjzEW6oxwvS2PxmLIrppz4TYWizfAVQndZ1Ddl7Eo1zRoRzqqHT90XyGA==",
      "requires": {
        "tslib": "^1.9.0"
      }
    },
    "bootstrap": {
      "version": "4.3.1",
      "resolved": "https://registry.npmjs.org/bootstrap/-/bootstrap-4.3.1.tgz",
      "integrity": "sha512-rXqOmH1VilAt2DyPzluTi2blhk17bO7ef+zLLPlWvG494pDxcM234pJ8wTc/6R40UWizAIIMgxjvxZg5kmsbag=="
    },
    "moment": {
      "version": "2.18.1",
      "resolved": "https://registry.npmjs.org/moment/-/moment-2.18.1.tgz",
      "integrity": "sha1-w2GT3Tzhwu7SrbfIAtu8d6gbHA8="
    },
    "ng2-bootstrap": {
      "version": "1.6.3",
      "resolved": "https://registry.npmjs.org/ng2-bootstrap/-/ng2-bootstrap-1.6.3.tgz",
      "integrity": "sha1-i+9heddDa6VHkBRH8Y/uj/9DVcI=",
      "requires": {
        "moment": "2.18.1"
      }
    },
    "ngx-bootstrap": {
      "version": "5.1.0",
      "resolved": "https://registry.npmjs.org/ngx-bootstrap/-/ngx-bootstrap-5.1.0.tgz",
      "integrity": "sha512-gHmIH1dZcZgbgu9Y88iPa8JaMkSM1QrU1zPDSJIw5TUNXVbwhvi5bzh2ttjvL88agyVWmTHM0mgyntPAgULxCQ=="
    },
    "rxjs": {
      "version": "6.5.2",
      "resolved": "https://registry.npmjs.org/rxjs/-/rxjs-6.5.2.tgz",
      "integrity": "sha512-HUb7j3kvb7p7eCUHE3FqjoDsC1xfZQ4AHFWfTKSpZ+sAhhz5X1WX0ZuUqWbzB2QhSLp3DoLUG+hMdEDKqWo2Zg==",
      "requires": {
        "tslib": "^1.9.0"
      }
    },
    "tslib": {
      "version": "1.10.0",
      "resolved": "https://registry.npmjs.org/tslib/-/tslib-1.10.0.tgz",
      "integrity": "sha512-qOebF53frne81cf0S9B41ByenJ3/IuH8yJKngAX35CmiZySA0khhkovshKK+jGCaMnVomla7gVlIcc3EvKPbTQ=="
    },
    "zone.js": {
      "version": "0.9.1",
      "resolved": "https://registry.npmjs.org/zone.js/-/zone.js-0.9.1.tgz",
      "integrity": "sha512-GkPiJL8jifSrKReKaTZ5jkhrMEgXbXYC+IPo1iquBjayRa0q86w3Dipjn8b415jpitMExe9lV8iTsv8tk3DGag=="
    }
  }
}
